// !$*UTF8*$!
{
	archiveVersion = 1;
	classes = {
	};
	objectVersion = 56;
	objects = {

/* Begin PBXBuildFile section */
		A30D3D3C2A7FC383005F2E1F /* CalendarDateCell.swift in Sources */ = {isa = PBXBuildFile; fileRef = A30D3D3B2A7FC383005F2E1F /* CalendarDateCell.swift */; };
		A30D3D3F2A7FC3C3005F2E1F /* TimeTableView.swift in Sources */ = {isa = PBXBuildFile; fileRef = A30D3D3E2A7FC3C3005F2E1F /* TimeTableView.swift */; };
		A30D3D412A7FC59B005F2E1F /* SettingView.swift in Sources */ = {isa = PBXBuildFile; fileRef = A30D3D402A7FC59B005F2E1F /* SettingView.swift */; };
		A30D3D432A7FDF6D005F2E1F /* Color+Extension.swift in Sources */ = {isa = PBXBuildFile; fileRef = A30D3D422A7FDF6D005F2E1F /* Color+Extension.swift */; };
		A30D3D452A7FDF86005F2E1F /* UIColor+Extension.swift in Sources */ = {isa = PBXBuildFile; fileRef = A30D3D442A7FDF86005F2E1F /* UIColor+Extension.swift */; };
		A363A7292A93421500BE1532 /* View+UIFont.swift in Sources */ = {isa = PBXBuildFile; fileRef = A363A7282A93421500BE1532 /* View+UIFont.swift */; };
		A363A72B2A93422600BE1532 /* UIFont+Extension.swift in Sources */ = {isa = PBXBuildFile; fileRef = A363A72A2A93422600BE1532 /* UIFont+Extension.swift */; };
		A363A7352A950FEB00BE1532 /* CalendarView+Extension.swift in Sources */ = {isa = PBXBuildFile; fileRef = A363A7342A950FEB00BE1532 /* CalendarView+Extension.swift */; };
		A363A7372A973FC000BE1532 /* NavigationPath.swift in Sources */ = {isa = PBXBuildFile; fileRef = A363A7362A973FBF00BE1532 /* NavigationPath.swift */; };
		A3735A232A6CD8EB00644DAE /* LooksLikeGodSaengApp.swift in Sources */ = {isa = PBXBuildFile; fileRef = A3735A222A6CD8EB00644DAE /* LooksLikeGodSaengApp.swift */; };
		A3735A252A6CD8EB00644DAE /* CalendarView.swift in Sources */ = {isa = PBXBuildFile; fileRef = A3735A242A6CD8EB00644DAE /* CalendarView.swift */; };
		A3735A272A6CD8ED00644DAE /* Assets.xcassets in Resources */ = {isa = PBXBuildFile; fileRef = A3735A262A6CD8ED00644DAE /* Assets.xcassets */; };
		A3735A2A2A6CD8ED00644DAE /* Preview Assets.xcassets in Resources */ = {isa = PBXBuildFile; fileRef = A3735A292A6CD8ED00644DAE /* Preview Assets.xcassets */; };
/* End PBXBuildFile section */

/* Begin PBXFileReference section */
		A30D3D3B2A7FC383005F2E1F /* CalendarDateCell.swift */ = {isa = PBXFileReference; lastKnownFileType = sourcecode.swift; path = CalendarDateCell.swift; sourceTree = "<group>"; };
		A30D3D3E2A7FC3C3005F2E1F /* TimeTableView.swift */ = {isa = PBXFileReference; lastKnownFileType = sourcecode.swift; path = TimeTableView.swift; sourceTree = "<group>"; };
		A30D3D402A7FC59B005F2E1F /* SettingView.swift */ = {isa = PBXFileReference; lastKnownFileType = sourcecode.swift; path = SettingView.swift; sourceTree = "<group>"; };
		A30D3D422A7FDF6D005F2E1F /* Color+Extension.swift */ = {isa = PBXFileReference; lastKnownFileType = sourcecode.swift; path = "Color+Extension.swift"; sourceTree = "<group>"; };
		A30D3D442A7FDF86005F2E1F /* UIColor+Extension.swift */ = {isa = PBXFileReference; lastKnownFileType = sourcecode.swift; path = "UIColor+Extension.swift"; sourceTree = "<group>"; };
		A363A7282A93421500BE1532 /* View+UIFont.swift */ = {isa = PBXFileReference; lastKnownFileType = sourcecode.swift; path = "View+UIFont.swift"; sourceTree = "<group>"; };
		A363A72A2A93422600BE1532 /* UIFont+Extension.swift */ = {isa = PBXFileReference; lastKnownFileType = sourcecode.swift; path = "UIFont+Extension.swift"; sourceTree = "<group>"; };
		A363A7342A950FEB00BE1532 /* CalendarView+Extension.swift */ = {isa = PBXFileReference; lastKnownFileType = sourcecode.swift; path = "CalendarView+Extension.swift"; sourceTree = "<group>"; };
		A363A7362A973FBF00BE1532 /* NavigationPath.swift */ = {isa = PBXFileReference; lastKnownFileType = sourcecode.swift; path = NavigationPath.swift; sourceTree = "<group>"; };
		A3735A1F2A6CD8EB00644DAE /* LooksLikeGodSaeng.app */ = {isa = PBXFileReference; explicitFileType = wrapper.application; includeInIndex = 0; path = LooksLikeGodSaeng.app; sourceTree = BUILT_PRODUCTS_DIR; };
		A3735A222A6CD8EB00644DAE /* LooksLikeGodSaengApp.swift */ = {isa = PBXFileReference; lastKnownFileType = sourcecode.swift; path = LooksLikeGodSaengApp.swift; sourceTree = "<group>"; };
		A3735A242A6CD8EB00644DAE /* CalendarView.swift */ = {isa = PBXFileReference; lastKnownFileType = sourcecode.swift; path = CalendarView.swift; sourceTree = "<group>"; };
		A3735A262A6CD8ED00644DAE /* Assets.xcassets */ = {isa = PBXFileReference; lastKnownFileType = folder.assetcatalog; path = Assets.xcassets; sourceTree = "<group>"; };
		A3735A292A6CD8ED00644DAE /* Preview Assets.xcassets */ = {isa = PBXFileReference; lastKnownFileType = folder.assetcatalog; path = "Preview Assets.xcassets"; sourceTree = "<group>"; };
/* End PBXFileReference section */

/* Begin PBXFrameworksBuildPhase section */
		A3735A1C2A6CD8EB00644DAE /* Frameworks */ = {
			isa = PBXFrameworksBuildPhase;
			buildActionMask = 2147483647;
			files = (
			);
			runOnlyForDeploymentPostprocessing = 0;
		};
/* End PBXFrameworksBuildPhase section */

/* Begin PBXGroup section */
		A30D3D322A7FBAF9005F2E1F /* Extensions */ = {
			isa = PBXGroup;
			children = (
				A30D3D362A7FBE29005F2E1F /* View */,
				A30D3D422A7FDF6D005F2E1F /* Color+Extension.swift */,
				A30D3D442A7FDF86005F2E1F /* UIColor+Extension.swift */,
				A363A72A2A93422600BE1532 /* UIFont+Extension.swift */,
				A363A7342A950FEB00BE1532 /* CalendarView+Extension.swift */,
			);
			path = Extensions;
			sourceTree = "<group>";
		};
		A30D3D332A7FBC83005F2E1F /* Views */ = {
			isa = PBXGroup;
			children = (
				A3735A222A6CD8EB00644DAE /* LooksLikeGodSaengApp.swift */,
				A30D3D372A7FBE31005F2E1F /* Components */,
				A30D3D382A7FBEBA005F2E1F /* CalendarViews */,
				A30D3D392A7FBEE9005F2E1F /* TimeTableViews */,
				A30D3D3A2A7FBF43005F2E1F /* SettingViews */,
			);
			path = Views;
			sourceTree = "<group>";
		};
		A30D3D342A7FBCB4005F2E1F /* Model */ = {
			isa = PBXGroup;
			children = (
			);
			path = Model;
			sourceTree = "<group>";
		};
		A30D3D352A7FBE0E005F2E1F /* ViewModel */ = {
			isa = PBXGroup;
			children = (
			);
			path = ViewModel;
			sourceTree = "<group>";
		};
		A30D3D362A7FBE29005F2E1F /* View */ = {
			isa = PBXGroup;
			children = (
				A363A7282A93421500BE1532 /* View+UIFont.swift */,
			);
			path = View;
			sourceTree = "<group>";
		};
		A30D3D372A7FBE31005F2E1F /* Components */ = {
			isa = PBXGroup;
			children = (
				A30D3D3B2A7FC383005F2E1F /* CalendarDateCell.swift */,
			);
			path = Components;
			sourceTree = "<group>";
		};
		A30D3D382A7FBEBA005F2E1F /* CalendarViews */ = {
			isa = PBXGroup;
			children = (
				A3735A242A6CD8EB00644DAE /* CalendarView.swift */,
			);
			path = CalendarViews;
			sourceTree = "<group>";
		};
		A30D3D392A7FBEE9005F2E1F /* TimeTableViews */ = {
			isa = PBXGroup;
			children = (
				A30D3D3E2A7FC3C3005F2E1F /* TimeTableView.swift */,
			);
			path = TimeTableViews;
			sourceTree = "<group>";
		};
		A30D3D3A2A7FBF43005F2E1F /* SettingViews */ = {
			isa = PBXGroup;
			children = (
				A30D3D402A7FC59B005F2E1F /* SettingView.swift */,
			);
			path = SettingViews;
			sourceTree = "<group>";
		};
		A3735A162A6CD8EB00644DAE = {
			isa = PBXGroup;
			children = (
				A3735A212A6CD8EB00644DAE /* LooksLikeGodSaeng */,
				A3735A202A6CD8EB00644DAE /* Products */,
			);
			sourceTree = "<group>";
		};
		A3735A202A6CD8EB00644DAE /* Products */ = {
			isa = PBXGroup;
			children = (
				A3735A1F2A6CD8EB00644DAE /* LooksLikeGodSaeng.app */,
			);
			name = Products;
			sourceTree = "<group>";
		};
		A3735A212A6CD8EB00644DAE /* LooksLikeGodSaeng */ = {
			isa = PBXGroup;
			children = (
				A363A7362A973FBF00BE1532 /* NavigationPath.swift */,
				A30D3D322A7FBAF9005F2E1F /* Extensions */,
				A30D3D332A7FBC83005F2E1F /* Views */,
				A30D3D342A7FBCB4005F2E1F /* Model */,
				A30D3D352A7FBE0E005F2E1F /* ViewModel */,
				A3735A262A6CD8ED00644DAE /* Assets.xcassets */,
				A3735A282A6CD8ED00644DAE /* Preview Content */,
			);
			path = LooksLikeGodSaeng;
			sourceTree = "<group>";
		};
		A3735A282A6CD8ED00644DAE /* Preview Content */ = {
			isa = PBXGroup;
			children = (
				A3735A292A6CD8ED00644DAE /* Preview Assets.xcassets */,
			);
			path = "Preview Content";
			sourceTree = "<group>";
		};
/* End PBXGroup section */

/* Begin PBXNativeTarget section */
		A3735A1E2A6CD8EB00644DAE /* LooksLikeGodSaeng */ = {
			isa = PBXNativeTarget;
			buildConfigurationList = A3735A2D2A6CD8ED00644DAE /* Build configuration list for PBXNativeTarget "LooksLikeGodSaeng" */;
			buildPhases = (
				A3735A1B2A6CD8EB00644DAE /* Sources */,
				A3735A1C2A6CD8EB00644DAE /* Frameworks */,
				A3735A1D2A6CD8EB00644DAE /* Resources */,
			);
			buildRules = (
			);
			dependencies = (
			);
			name = LooksLikeGodSaeng;
			productName = LooksLikeGodSaeng;
			productReference = A3735A1F2A6CD8EB00644DAE /* LooksLikeGodSaeng.app */;
			productType = "com.apple.product-type.application";
		};
/* End PBXNativeTarget section */

/* Begin PBXProject section */
		A3735A172A6CD8EB00644DAE /* Project object */ = {
			isa = PBXProject;
			attributes = {
				BuildIndependentTargetsInParallel = 1;
				LastSwiftUpdateCheck = 1430;
				LastUpgradeCheck = 1430;
				TargetAttributes = {
					A3735A1E2A6CD8EB00644DAE = {
						CreatedOnToolsVersion = 14.3.1;
					};
				};
			};
			buildConfigurationList = A3735A1A2A6CD8EB00644DAE /* Build configuration list for PBXProject "LooksLikeGodSaeng" */;
			compatibilityVersion = "Xcode 14.0";
			developmentRegion = en;
			hasScannedForEncodings = 0;
			knownRegions = (
				en,
				Base,
			);
			mainGroup = A3735A162A6CD8EB00644DAE;
			productRefGroup = A3735A202A6CD8EB00644DAE /* Products */;
			projectDirPath = "";
			projectRoot = "";
			targets = (
				A3735A1E2A6CD8EB00644DAE /* LooksLikeGodSaeng */,
			);
		};
/* End PBXProject section */

/* Begin PBXResourcesBuildPhase section */
		A3735A1D2A6CD8EB00644DAE /* Resources */ = {
			isa = PBXResourcesBuildPhase;
			buildActionMask = 2147483647;
			files = (
				A3735A2A2A6CD8ED00644DAE /* Preview Assets.xcassets in Resources */,
				A3735A272A6CD8ED00644DAE /* Assets.xcassets in Resources */,
			);
			runOnlyForDeploymentPostprocessing = 0;
		};
/* End PBXResourcesBuildPhase section */

/* Begin PBXSourcesBuildPhase section */
		A3735A1B2A6CD8EB00644DAE /* Sources */ = {
			isa = PBXSourcesBuildPhase;
			buildActionMask = 2147483647;
			files = (
				A30D3D452A7FDF86005F2E1F /* UIColor+Extension.swift in Sources */,
				A30D3D3F2A7FC3C3005F2E1F /* TimeTableView.swift in Sources */,
				A30D3D432A7FDF6D005F2E1F /* Color+Extension.swift in Sources */,
				A363A7372A973FC000BE1532 /* NavigationPath.swift in Sources */,
				A30D3D412A7FC59B005F2E1F /* SettingView.swift in Sources */,
				A3735A252A6CD8EB00644DAE /* CalendarView.swift in Sources */,
				A30D3D3C2A7FC383005F2E1F /* CalendarDateCell.swift in Sources */,
				A363A72B2A93422600BE1532 /* UIFont+Extension.swift in Sources */,
				A3735A232A6CD8EB00644DAE /* LooksLikeGodSaengApp.swift in Sources */,
				A363A7352A950FEB00BE1532 /* CalendarView+Extension.swift in Sources */,
				A363A7292A93421500BE1532 /* View+UIFont.swift in Sources */,
			);
			runOnlyForDeploymentPostprocessing = 0;
		};
/* End PBXSourcesBuildPhase section */

/* Begin XCBuildConfiguration section */
		A3735A2B2A6CD8ED00644DAE /* Debug */ = {
			isa = XCBuildConfiguration;
			buildSettings = {
				ALWAYS_SEARCH_USER_PATHS = NO;
				CLANG_ANALYZER_NONNULL = YES;
				CLANG_ANALYZER_NUMBER_OBJECT_CONVERSION = YES_AGGRESSIVE;
				CLANG_CXX_LANGUAGE_STANDARD = "gnu++20";
				CLANG_ENABLE_MODULES = YES;
				CLANG_ENABLE_OBJC_ARC = YES;
				CLANG_ENABLE_OBJC_WEAK = YES;
				CLANG_WARN_BLOCK_CAPTURE_AUTORELEASING = YES;
				CLANG_WARN_BOOL_CONVERSION = YES;
				CLANG_WARN_COMMA = YES;
				CLANG_WARN_CONSTANT_CONVERSION = YES;
				CLANG_WARN_DEPRECATED_OBJC_IMPLEMENTATIONS = YES;
				CLANG_WARN_DIRECT_OBJC_ISA_USAGE = YES_ERROR;
				CLANG_WARN_DOCUMENTATION_COMMENTS = YES;
				CLANG_WARN_EMPTY_BODY = YES;
				CLANG_WARN_ENUM_CONVERSION = YES;
				CLANG_WARN_INFINITE_RECURSION = YES;
				CLANG_WARN_INT_CONVERSION = YES;
				CLANG_WARN_NON_LITERAL_NULL_CONVERSION = YES;
				CLANG_WARN_OBJC_IMPLICIT_RETAIN_SELF = YES;
				CLANG_WARN_OBJC_LITERAL_CONVERSION = YES;
				CLANG_WARN_OBJC_ROOT_CLASS = YES_ERROR;
				CLANG_WARN_QUOTED_INCLUDE_IN_FRAMEWORK_HEADER = YES;
				CLANG_WARN_RANGE_LOOP_ANALYSIS = YES;
				CLANG_WARN_STRICT_PROTOTYPES = YES;
				CLANG_WARN_SUSPICIOUS_MOVE = YES;
				CLANG_WARN_UNGUARDED_AVAILABILITY = YES_AGGRESSIVE;
				CLANG_WARN_UNREACHABLE_CODE = YES;
				CLANG_WARN__DUPLICATE_METHOD_MATCH = YES;
				COPY_PHASE_STRIP = NO;
				DEBUG_INFORMATION_FORMAT = dwarf;
				ENABLE_STRICT_OBJC_MSGSEND = YES;
				ENABLE_TESTABILITY = YES;
				GCC_C_LANGUAGE_STANDARD = gnu11;
				GCC_DYNAMIC_NO_PIC = NO;
				GCC_NO_COMMON_BLOCKS = YES;
				GCC_OPTIMIZATION_LEVEL = 0;
				GCC_PREPROCESSOR_DEFINITIONS = (
					"DEBUG=1",
					"$(inherited)",
				);
				GCC_WARN_64_TO_32_BIT_CONVERSION = YES;
				GCC_WARN_ABOUT_RETURN_TYPE = YES_ERROR;
				GCC_WARN_UNDECLARED_SELECTOR = YES;
				GCC_WARN_UNINITIALIZED_AUTOS = YES_AGGRESSIVE;
				GCC_WARN_UNUSED_FUNCTION = YES;
				GCC_WARN_UNUSED_VARIABLE = YES;
				IPHONEOS_DEPLOYMENT_TARGET = 16.4;
				MTL_ENABLE_DEBUG_INFO = INCLUDE_SOURCE;
				MTL_FAST_MATH = YES;
				ONLY_ACTIVE_ARCH = YES;
				SDKROOT = iphoneos;
				SWIFT_ACTIVE_COMPILATION_CONDITIONS = DEBUG;
				SWIFT_OPTIMIZATION_LEVEL = "-Onone";
			};
			name = Debug;
		};
		A3735A2C2A6CD8ED00644DAE /* Release */ = {
			isa = XCBuildConfiguration;
			buildSettings = {
				ALWAYS_SEARCH_USER_PATHS = NO;
				CLANG_ANALYZER_NONNULL = YES;
				CLANG_ANALYZER_NUMBER_OBJECT_CONVERSION = YES_AGGRESSIVE;
				CLANG_CXX_LANGUAGE_STANDARD = "gnu++20";
				CLANG_ENABLE_MODULES = YES;
				CLANG_ENABLE_OBJC_ARC = YES;
				CLANG_ENABLE_OBJC_WEAK = YES;
				CLANG_WARN_BLOCK_CAPTURE_AUTORELEASING = YES;
				CLANG_WARN_BOOL_CONVERSION = YES;
				CLANG_WARN_COMMA = YES;
				CLANG_WARN_CONSTANT_CONVERSION = YES;
				CLANG_WARN_DEPRECATED_OBJC_IMPLEMENTATIONS = YES;
				CLANG_WARN_DIRECT_OBJC_ISA_USAGE = YES_ERROR;
				CLANG_WARN_DOCUMENTATION_COMMENTS = YES;
				CLANG_WARN_EMPTY_BODY = YES;
				CLANG_WARN_ENUM_CONVERSION = YES;
				CLANG_WARN_INFINITE_RECURSION = YES;
				CLANG_WARN_INT_CONVERSION = YES;
				CLANG_WARN_NON_LITERAL_NULL_CONVERSION = YES;
				CLANG_WARN_OBJC_IMPLICIT_RETAIN_SELF = YES;
				CLANG_WARN_OBJC_LITERAL_CONVERSION = YES;
				CLANG_WARN_OBJC_ROOT_CLASS = YES_ERROR;
				CLANG_WARN_QUOTED_INCLUDE_IN_FRAMEWORK_HEADER = YES;
				CLANG_WARN_RANGE_LOOP_ANALYSIS = YES;
				CLANG_WARN_STRICT_PROTOTYPES = YES;
				CLANG_WARN_SUSPICIOUS_MOVE = YES;
				CLANG_WARN_UNGUARDED_AVAILABILITY = YES_AGGRESSIVE;
				CLANG_WARN_UNREACHABLE_CODE = YES;
				CLANG_WARN__DUPLICATE_METHOD_MATCH = YES;
				COPY_PHASE_STRIP = NO;
				DEBUG_INFORMATION_FORMAT = "dwarf-with-dsym";
				ENABLE_NS_ASSERTIONS = NO;
				ENABLE_STRICT_OBJC_MSGSEND = YES;
				GCC_C_LANGUAGE_STANDARD = gnu11;
				GCC_NO_COMMON_BLOCKS = YES;
				GCC_WARN_64_TO_32_BIT_CONVERSION = YES;
				GCC_WARN_ABOUT_RETURN_TYPE = YES_ERROR;
				GCC_WARN_UNDECLARED_SELECTOR = YES;
				GCC_WARN_UNINITIALIZED_AUTOS = YES_AGGRESSIVE;
				GCC_WARN_UNUSED_FUNCTION = YES;
				GCC_WARN_UNUSED_VARIABLE = YES;
				IPHONEOS_DEPLOYMENT_TARGET = 16.4;
				MTL_ENABLE_DEBUG_INFO = NO;
				MTL_FAST_MATH = YES;
				SDKROOT = iphoneos;
				SWIFT_COMPILATION_MODE = wholemodule;
				SWIFT_OPTIMIZATION_LEVEL = "-O";
				VALIDATE_PRODUCT = YES;
			};
			name = Release;
		};
		A3735A2E2A6CD8ED00644DAE /* Debug */ = {
			isa = XCBuildConfiguration;
			buildSettings = {
				ASSETCATALOG_COMPILER_APPICON_NAME = AppIcon;
				ASSETCATALOG_COMPILER_GLOBAL_ACCENT_COLOR_NAME = AccentColor;
				CODE_SIGN_STYLE = Automatic;
				CURRENT_PROJECT_VERSION = 1;
				DEVELOPMENT_ASSET_PATHS = "\"LooksLikeGodSaeng/Preview Content\"";
				DEVELOPMENT_TEAM = HN3RL67C46;
				ENABLE_PREVIEWS = YES;
				GENERATE_INFOPLIST_FILE = YES;
				INFOPLIST_KEY_UIApplicationSceneManifest_Generation = YES;
				INFOPLIST_KEY_UIApplicationSupportsIndirectInputEvents = YES;
				INFOPLIST_KEY_UILaunchScreen_Generation = YES;
				INFOPLIST_KEY_UISupportedInterfaceOrientations_iPad = "UIInterfaceOrientationPortrait UIInterfaceOrientationPortraitUpsideDown UIInterfaceOrientationLandscapeLeft UIInterfaceOrientationLandscapeRight";
				INFOPLIST_KEY_UISupportedInterfaceOrientations_iPhone = "UIInterfaceOrientationPortrait UIInterfaceOrientationLandscapeLeft UIInterfaceOrientationLandscapeRight";
				LD_RUNPATH_SEARCH_PATHS = (
					"$(inherited)",
					"@executable_path/Frameworks",
				);
				MARKETING_VERSION = 1.0;
				PRODUCT_BUNDLE_IDENTIFIER = com.halogen.LooksLikeGodSaeng;
				PRODUCT_NAME = "$(TARGET_NAME)";
				SWIFT_EMIT_LOC_STRINGS = YES;
				SWIFT_VERSION = 5.0;
				TARGETED_DEVICE_FAMILY = "1,2";
			};
			name = Debug;
		};
		A3735A2F2A6CD8ED00644DAE /* Release */ = {
			isa = XCBuildConfiguration;
			buildSettings = {
				ASSETCATALOG_COMPILER_APPICON_NAME = AppIcon;
				ASSETCATALOG_COMPILER_GLOBAL_ACCENT_COLOR_NAME = AccentColor;
				CODE_SIGN_STYLE = Automatic;
				CURRENT_PROJECT_VERSION = 1;
				DEVELOPMENT_ASSET_PATHS = "\"LooksLikeGodSaeng/Preview Content\"";
				DEVELOPMENT_TEAM = HN3RL67C46;
				ENABLE_PREVIEWS = YES;
				GENERATE_INFOPLIST_FILE = YES;
				INFOPLIST_KEY_UIApplicationSceneManifest_Generation = YES;
				INFOPLIST_KEY_UIApplicationSupportsIndirectInputEvents = YES;
				INFOPLIST_KEY_UILaunchScreen_Generation = YES;
				INFOPLIST_KEY_UISupportedInterfaceOrientations_iPad = "UIInterfaceOrientationPortrait UIInterfaceOrientationPortraitUpsideDown UIInterfaceOrientationLandscapeLeft UIInterfaceOrientationLandscapeRight";
				INFOPLIST_KEY_UISupportedInterfaceOrientations_iPhone = "UIInterfaceOrientationPortrait UIInterfaceOrientationLandscapeLeft UIInterfaceOrientationLandscapeRight";
				LD_RUNPATH_SEARCH_PATHS = (
					"$(inherited)",
					"@executable_path/Frameworks",
				);
				MARKETING_VERSION = 1.0;
				PRODUCT_BUNDLE_IDENTIFIER = com.halogen.LooksLikeGodSaeng;
				PRODUCT_NAME = "$(TARGET_NAME)";
				SWIFT_EMIT_LOC_STRINGS = YES;
				SWIFT_VERSION = 5.0;
				TARGETED_DEVICE_FAMILY = "1,2";
			};
			name = Release;
		};
/* End XCBuildConfiguration section */

/* Begin XCConfigurationList section */
		A3735A1A2A6CD8EB00644DAE /* Build configuration list for PBXProject "LooksLikeGodSaeng" */ = {
			isa = XCConfigurationList;
			buildConfigurations = (
				A3735A2B2A6CD8ED00644DAE /* Debug */,
				A3735A2C2A6CD8ED00644DAE /* Release */,
			);
			defaultConfigurationIsVisible = 0;
			defaultConfigurationName = Release;
		};
		A3735A2D2A6CD8ED00644DAE /* Build configuration list for PBXNativeTarget "LooksLikeGodSaeng" */ = {
			isa = XCConfigurationList;
			buildConfigurations = (
				A3735A2E2A6CD8ED00644DAE /* Debug */,
				A3735A2F2A6CD8ED00644DAE /* Release */,
			);
			defaultConfigurationIsVisible = 0;
			defaultConfigurationName = Release;
		};
/* End XCConfigurationList section */
	};
	rootObject = A3735A172A6CD8EB00644DAE /* Project object */;
}
